
Microsoft Visual Studio Solution File, Format Version 12.00
# Visual Studio Version 16
VisualStudioVersion = 16.0.33423.256
MinimumVisualStudioVersion = 10.0.40219.1
Project("{FAE04EC0-301F-11D3-BF4B-00C04F79EFBC}") = "WindowsFormsApp3", "WindowsFormsApp3\WindowsFormsApp3.csproj", "{2FCDCB80-5937-4457-898D-8676559A097B}"
EndProject
Global
	GlobalSection(SolutionConfigurationPlatforms) = preSolution
		Debug|Any CPU = Debug|Any CPU
		Release|Any CPU = Release|Any CPU
	EndGlobalSection
	GlobalSection(ProjectConfigurationPlatforms) = postSolution
		{2FCDCB80-5937-4457-898D-8676559A097B}.Debug|Any CPU.ActiveCfg = Debug|Any CPU
		{2FCDCB80-5937-4457-898D-8676559A097B}.Debug|Any CPU.Build.0 = Debug|Any CPU
		{2FCDCB80-5937-4457-898D-8676559A097B}.Release|Any CPU.ActiveCfg = Release|Any CPU
		{2FCDCB80-5937-4457-898D-8676559A097B}.Release|Any CPU.Build.0 = Release|Any CPU
	EndGlobalSection
	GlobalSection(SolutionProperties) = preSolution
		HideSolutionNode = FALSE
	EndGlobalSection
	GlobalSection(ExtensibilityGlobals) = postSolution
		SolutionGuid = {DB3998E9-27E6-47F0-8B6E-6D4B575CB7C3}
	EndGlobalSection
EndGlobal
